schema: '2.0'
stages:
  data_ingestion:
    cmd: python src/data/data_ingestion.py
    deps:
    - path: src/data/data_ingestion.py
      hash: md5
      md5: da20260f8d448383465487320f1cd88a
      size: 3159
    params:
      params.yaml:
        data_ingestion.test_size: 0.3
    outs:
    - path: data/raw
      hash: md5
      md5: 138310c6de7924762d28dc18aca6ff36.dir
      size: 827973
      nfiles: 2
  data_preprocessing:
    cmd: python src/data/data_preprocessing.py
    deps:
    - path: data/raw
      hash: md5
      md5: 138310c6de7924762d28dc18aca6ff36.dir
      size: 827973
      nfiles: 2
    - path: src/data/data_preprocessing.py
      hash: md5
      md5: 1b3bd2379ddbd1f9dc6c5348e8fe6ad1
      size: 3743
    outs:
    - path: data/interim
      hash: md5
      md5: 85e32f3a481c1c0ec3aa650ab4b918c0.dir
      size: 622285
      nfiles: 2
  feature_engineering:
    cmd: python src/features/feature_engineering.py
    deps:
    - path: data/interim
      hash: md5
      md5: 85e32f3a481c1c0ec3aa650ab4b918c0.dir
      size: 622285
      nfiles: 2
    - path: src/features/feature_engineering.py
      hash: md5
      md5: 36584639ced1c861c09b03162ff81a00
      size: 3614
    params:
      params.yaml:
        feature_engineering.max_features: 10
    outs:
    - path: data/processed
      hash: md5
      md5: 6368b28b2fac08dd2a6a211e6e834e0d.dir
      size: 484787
      nfiles: 2
  model_building:
    cmd: python src/model/model_building.py
    deps:
    - path: data/processed
      hash: md5
      md5: 6368b28b2fac08dd2a6a211e6e834e0d.dir
      size: 484787
      nfiles: 2
    - path: src/model/model_building.py
      hash: md5
      md5: 60799bdd4cd865cd8c95c0414f88a3c5
      size: 2886
    params:
      params.yaml:
        model_building.learning_rate: 0.3
        model_building.n_estimators: 10
    outs:
    - path: models/model.pkl
      hash: md5
      md5: c36a3fa6823b74890353b94d5a6a658d
      size: 20455
  model_evaluation:
    cmd: python src/model/model_evaluation.py
    deps:
    - path: models/model.pkl
      hash: md5
      md5: c36a3fa6823b74890353b94d5a6a658d
      size: 20455
    - path: src/model/model_evaluation.py
      hash: md5
      md5: d3853f71127a9c1eb229512a45d20405
      size: 995
    outs:
    - path: reports/metrics.json
      hash: md5
      md5: 305e71df842f70a0b6b22942b863c6e3
      size: 170
